{
  "name": "ceiweather",
  "version": "1.0.0",
  "lockfileVersion": 1,
  "requires": true,
  "dependencies": {
    "chai": {
      "version": "4.2.0",
      "resolved": "https://registry.npmjs.org/chai/-/chai-4.2.0.tgz",
      "integrity": "sha512-XQU3bhBukrOsQCuwZndwGcCVQHyZi53fQ6Ys1Fym7E4olpIqqZZhhoFJoaKVvV17lWQoXYwgWN2nF5crA8J2jw=="
    },
    "ejs": {
      "version": "2.6.1",
      "resolved": "https://registry.npmjs.org/ejs/-/ejs-2.6.1.tgz",
      "integrity": "sha1-SY7A1JVlWrxvI81hho2SZGQHGqA="
    },
    "exectimer": {
      "version": "2.2.1",
      "resolved": "https://registry.npmjs.org/exectimer/-/exectimer-2.2.1.tgz",
      "integrity": "sha512-Orj7HuxI0b0Wv9FxOedX1jYwMfmAEwKekWQ7eaAYwHXYUWgAYjv2zfG9onvtHkYSQXAGJpvcYDt5SATeji163w=="
    },
    "express-watcher": {
      "version": "1.0.3",
      "resolved": "https://registry.npmjs.org/express-watcher/-/express-watcher-1.0.3.tgz",
      "integrity": "sha512-H+QwttVg5BmWlPH3NFcxwSe2X1AeEhGaztLHK22CmQt0GnKk+5vCH9i9EZbxecQW/8+4//DFTgED/PKxD5oA7Q=="
    },
    "mocha": {
      "version": "6.2.0",
      "resolved": "https://registry.npmjs.org/mocha/-/mocha-6.2.0.tgz",
      "integrity": "sha512-qwfFgY+7EKAAUAdv7VYMZQknI7YJSGesxHyhn6qD52DV8UcSZs5XwCifcZGMVIE4a5fbmhvbotxC0DLQ0oKohQ==",
      "dependencies": {
        "debug": {
          "version": "3.2.6",
          "resolved": "https://registry.npmjs.org/debug/-/debug-3.2.6.tgz",
          "integrity": "sha512-mel+jf7nrtEl5Pn1Qx46zARXKDpBbvzezse7p7LqINmdoIk8PYP5SySaxEmYv6TZ0JyEKA1hsCId6DIhgITtWQ=="
        },
        "ms": {
          "version": "2.1.1",
          "resolved": "https://registry.npmjs.org/ms/-/ms-2.1.1.tgz",
          "integrity": "sha512-tgp+dl5cGk28utYktBsrFqA7HKgrhgPsg6Z/EfhWI4gl1Hwq8B/GmY/0oXZ6nF8hDVesS/FpnYaD/kOWhYQvyg=="
        }
      }
    },
    "node-statsd": {
      "version": "0.1.1",
      "resolved": "https://registry.npmjs.org/node-statsd/-/node-statsd-0.1.1.tgz",
      "integrity": "sha1-J6WTSHY9CvegN6wqAx/vPwUQE9M="
    },
    "response-time": {
      "version": "2.3.2",
      "resolved": "https://registry.npmjs.org/response-time/-/response-time-2.3.2.tgz",
      "integrity": "sha1-/6cbq5UtYvfB1Jt0NDVfvGjf/Fo="
    },
    "supertest": {
      "version": "4.0.2",
      "resolved": "https://registry.npmjs.org/supertest/-/supertest-4.0.2.tgz",
      "integrity": "sha512-1BAbvrOZsGA3YTCWqbmh14L0YEq0EGICX/nBnfkfVJn7SrxQV1I3pMYjSzG9y/7ZU2V9dWqyqk2POwxlb09duQ=="
    },
    "uniqid": {
      "version": "5.0.3",
      "resolved": "https://registry.npmjs.org/uniqid/-/uniqid-5.0.3.tgz",
      "integrity": "sha512-R2qx3X/LYWSdGRaluio4dYrPXAJACTqyUjuyXHoJLBUOIfmMcnYOyY2d6Y4clZcIz5lK6ZaI0Zzmm0cPfsIqzQ=="
    }
  }
}
